
Microsoft Visual Studio Solution File, Format Version 12.00
# Visual Studio 2012
Project("{FAE04EC0-301F-11D3-BF4B-00C04F79EFBC}") = "FCE-NoOutOfStorageWarnings", "FCE-NoOutOfStorageWarnings.csproj", "{08FE551F-3913-456F-BFAE-CC3C733C71EE}"
EndProject
Global
	GlobalSection(SolutionConfigurationPlatforms) = preSolution
		Debug|Any CPU = Debug|Any CPU
		Release|Any CPU = Release|Any CPU
	EndGlobalSection
	GlobalSection(ProjectConfigurationPlatforms) = postSolution
		{08FE551F-3913-456F-BFAE-CC3C733C71EE}.Debug|Any CPU.ActiveCfg = Debug|Any CPU
		{08FE551F-3913-456F-BFAE-CC3C733C71EE}.Debug|Any CPU.Build.0 = Debug|Any CPU
		{08FE551F-3913-456F-BFAE-CC3C733C71EE}.Release|Any CPU.ActiveCfg = Release|Any CPU
		{08FE551F-3913-456F-BFAE-CC3C733C71EE}.Release|Any CPU.Build.0 = Release|Any CPU
	EndGlobalSection
EndGlobal
